
Microsoft Visual Studio Solution File, Format Version 12.00
# Visual Studio 2013
VisualStudioVersion = 12.0.31101.0
MinimumVisualStudioVersion = 10.0.40219.1
Project("{FAE04EC0-301F-11D3-BF4B-00C04F79EFBC}") = "Zengo.ListApps", "Zengo.ListApps\Zengo.ListApps.csproj", "{47E18BF2-9989-41A6-91CB-F50617B861ED}"
EndProject
Project("{FAE04EC0-301F-11D3-BF4B-00C04F79EFBC}") = "Zengo.ListApps.Tests", "Zengo.ListApps.Tests\Zengo.ListApps.Tests.csproj", "{06E5B573-32CD-44AA-BBDB-167029086BC8}"
EndProject
Global
	GlobalSection(SolutionConfigurationPlatforms) = preSolution
		Debug|Any CPU = Debug|Any CPU
		Release|Any CPU = Release|Any CPU
	EndGlobalSection
	GlobalSection(ProjectConfigurationPlatforms) = postSolution
		{47E18BF2-9989-41A6-91CB-F50617B861ED}.Debug|Any CPU.ActiveCfg = Debug|Any CPU
		{47E18BF2-9989-41A6-91CB-F50617B861ED}.Debug|Any CPU.Build.0 = Debug|Any CPU
		{47E18BF2-9989-41A6-91CB-F50617B861ED}.Release|Any CPU.ActiveCfg = Release|Any CPU
		{47E18BF2-9989-41A6-91CB-F50617B861ED}.Release|Any CPU.Build.0 = Release|Any CPU
		{06E5B573-32CD-44AA-BBDB-167029086BC8}.Debug|Any CPU.ActiveCfg = Debug|Any CPU
		{06E5B573-32CD-44AA-BBDB-167029086BC8}.Debug|Any CPU.Build.0 = Debug|Any CPU
		{06E5B573-32CD-44AA-BBDB-167029086BC8}.Release|Any CPU.ActiveCfg = Release|Any CPU
		{06E5B573-32CD-44AA-BBDB-167029086BC8}.Release|Any CPU.Build.0 = Release|Any CPU
	EndGlobalSection
	GlobalSection(SolutionProperties) = preSolution
		HideSolutionNode = FALSE
	EndGlobalSection
EndGlobal
